// !$*UTF8*$!
{
	archiveVersion = 1;
	classes = {
	};
	objectVersion = 46;
	objects = {

/* Begin PBXBuildFile section */
		3EDC56CE1CF88FF700264346 /* AppDelegate.swift in Sources */ = {isa = PBXBuildFile; fileRef = 3EDC56CD1CF88FF700264346 /* AppDelegate.swift */; };
		3EDC56D01CF88FF700264346 /* ViewController.swift in Sources */ = {isa = PBXBuildFile; fileRef = 3EDC56CF1CF88FF700264346 /* ViewController.swift */; };
		3EDC56D31CF88FF700264346 /* Main.storyboard in Resources */ = {isa = PBXBuildFile; fileRef = 3EDC56D11CF88FF700264346 /* Main.storyboard */; };
		3EDC56D51CF88FF700264346 /* Assets.xcassets in Resources */ = {isa = PBXBuildFile; fileRef = 3EDC56D41CF88FF700264346 /* Assets.xcassets */; };
		3EDC56D81CF88FF700264346 /* LaunchScreen.storyboard in Resources */ = {isa = PBXBuildFile; fileRef = 3EDC56D61CF88FF700264346 /* LaunchScreen.storyboard */; };
		3EDC56E01CF8B5A200264346 /* pokemon.csv in Resources */ = {isa = PBXBuildFile; fileRef = 3EDC56DF1CF8B5A200264346 /* pokemon.csv */; };
		AAAE3E353F45E22E41F3170F /* Pods_pokedex.framework in Frameworks */ = {isa = PBXBuildFile; fileRef = 9D1C6903A912970C321EB521 /* Pods_pokedex.framework */; };
/* End PBXBuildFile section */

/* Begin PBXFileReference section */
		3EDC56CA1CF88FF700264346 /* pokedex.app */ = {isa = PBXFileReference; explicitFileType = wrapper.application; includeInIndex = 0; path = pokedex.app; sourceTree = BUILT_PRODUCTS_DIR; };
		3EDC56CD1CF88FF700264346 /* AppDelegate.swift */ = {isa = PBXFileReference; lastKnownFileType = sourcecode.swift; path = AppDelegate.swift; sourceTree = "<group>"; };
		3EDC56CF1CF88FF700264346 /* ViewController.swift */ = {isa = PBXFileReference; lastKnownFileType = sourcecode.swift; path = ViewController.swift; sourceTree = "<group>"; };
		3EDC56D21CF88FF700264346 /* Base */ = {isa = PBXFileReference; lastKnownFileType = file.storyboard; name = Base; path = Base.lproj/Main.storyboard; sourceTree = "<group>"; };
		3EDC56D41CF88FF700264346 /* Assets.xcassets */ = {isa = PBXFileReference; lastKnownFileType = folder.assetcatalog; path = Assets.xcassets; sourceTree = "<group>"; };
		3EDC56D71CF88FF700264346 /* Base */ = {isa = PBXFileReference; lastKnownFileType = file.storyboard; name = Base; path = Base.lproj/LaunchScreen.storyboard; sourceTree = "<group>"; };
		3EDC56D91CF88FF700264346 /* Info.plist */ = {isa = PBXFileReference; lastKnownFileType = text.plist.xml; path = Info.plist; sourceTree = "<group>"; };
		3EDC56DF1CF8B5A200264346 /* pokemon.csv */ = {isa = PBXFileReference; fileEncoding = 4; lastKnownFileType = text; path = pokemon.csv; sourceTree = "<group>"; };
		9D1C6903A912970C321EB521 /* Pods_pokedex.framework */ = {isa = PBXFileReference; explicitFileType = wrapper.framework; includeInIndex = 0; path = Pods_pokedex.framework; sourceTree = BUILT_PRODUCTS_DIR; };
		A2DD7975013643D585E7962D /* Pods-pokedex.release.xcconfig */ = {isa = PBXFileReference; includeInIndex = 1; lastKnownFileType = text.xcconfig; name = "Pods-pokedex.release.xcconfig"; path = "Pods/Target Support Files/Pods-pokedex/Pods-pokedex.release.xcconfig"; sourceTree = "<group>"; };
		DFE55F1118283619A11869AB /* Pods-pokedex.debug.xcconfig */ = {isa = PBXFileReference; includeInIndex = 1; lastKnownFileType = text.xcconfig; name = "Pods-pokedex.debug.xcconfig"; path = "Pods/Target Support Files/Pods-pokedex/Pods-pokedex.debug.xcconfig"; sourceTree = "<group>"; };
/* End PBXFileReference section */

/* Begin PBXFrameworksBuildPhase section */
		3EDC56C71CF88FF700264346 /* Frameworks */ = {
			isa = PBXFrameworksBuildPhase;
			buildActionMask = 2147483647;
			files = (
				AAAE3E353F45E22E41F3170F /* Pods_pokedex.framework in Frameworks */,
			);
			runOnlyForDeploymentPostprocessing = 0;
		};
/* End PBXFrameworksBuildPhase section */

/* Begin PBXGroup section */
		0A0096BD29C5C3BF761ACF6D /* Pods */ = {
			isa = PBXGroup;
			children = (
				DFE55F1118283619A11869AB /* Pods-pokedex.debug.xcconfig */,
				A2DD7975013643D585E7962D /* Pods-pokedex.release.xcconfig */,
			);
			name = Pods;
			sourceTree = "<group>";
		};
		3EDC56C11CF88FF700264346 = {
			isa = PBXGroup;
			children = (
				3EDC56CC1CF88FF700264346 /* pokedex */,
				3EDC56CB1CF88FF700264346 /* Products */,
				0A0096BD29C5C3BF761ACF6D /* Pods */,
				57FDAB28B1A4A394B2DEB8BB /* Frameworks */,
			);
			sourceTree = "<group>";
		};
		3EDC56CB1CF88FF700264346 /* Products */ = {
			isa = PBXGroup;
			children = (
				3EDC56CA1CF88FF700264346 /* pokedex.app */,
			);
			name = Products;
			sourceTree = "<group>";
		};
		3EDC56CC1CF88FF700264346 /* pokedex */ = {
			isa = PBXGroup;
			children = (
				3EDC56CD1CF88FF700264346 /* AppDelegate.swift */,
				3EDC56CF1CF88FF700264346 /* ViewController.swift */,
				3EDC56D11CF88FF700264346 /* Main.storyboard */,
				3EDC56DF1CF8B5A200264346 /* pokemon.csv */,
				3EDC56D41CF88FF700264346 /* Assets.xcassets */,
				3EDC56D61CF88FF700264346 /* LaunchScreen.storyboard */,
				3EDC56D91CF88FF700264346 /* Info.plist */,
			);
			path = pokedex;
			sourceTree = "<group>";
		};
		57FDAB28B1A4A394B2DEB8BB /* Frameworks */ = {
			isa = PBXGroup;
			children = (
				9D1C6903A912970C321EB521 /* Pods_pokedex.framework */,
			);
			name = Frameworks;
			sourceTree = "<group>";
		};
/* End PBXGroup section */

/* Begin PBXNativeTarget section */
		3EDC56C91CF88FF700264346 /* pokedex */ = {
			isa = PBXNativeTarget;
			buildConfigurationList = 3EDC56DC1CF88FF700264346 /* Build configuration list for PBXNativeTarget "pokedex" */;
			buildPhases = (
				B791D4E7EFAD6A73DCC5E2E2 /* 📦 Check Pods Manifest.lock */,
				3EDC56C61CF88FF700264346 /* Sources */,
				3EDC56C71CF88FF700264346 /* Frameworks */,
				3EDC56C81CF88FF700264346 /* Resources */,
				1ACA743FD6004C129AA54772 /* 📦 Embed Pods Frameworks */,
				EC24FBB34FBC4DE44B0A7DB7 /* 📦 Copy Pods Resources */,
			);
			buildRules = (
			);
			dependencies = (
			);
			name = pokedex;
			productName = pokedex;
			productReference = 3EDC56CA1CF88FF700264346 /* pokedex.app */;
			productType = "com.apple.product-type.application";
		};
/* End PBXNativeTarget section */

/* Begin PBXProject section */
		3EDC56C21CF88FF700264346 /* Project object */ = {
			isa = PBXProject;
			attributes = {
				LastSwiftUpdateCheck = 0730;
				LastUpgradeCheck = 0730;
				ORGANIZATIONNAME = "Mehdi Silini";
				TargetAttributes = {
					3EDC56C91CF88FF700264346 = {
						CreatedOnToolsVersion = 7.3.1;
						DevelopmentTeam = 2XVP3SU67Y;
					};
				};
			};
			buildConfigurationList = 3EDC56C51CF88FF700264346 /* Build configuration list for PBXProject "pokedex" */;
			compatibilityVersion = "Xcode 3.2";
			developmentRegion = English;
			hasScannedForEncodings = 0;
			knownRegions = (
				en,
				Base,
			);
			mainGroup = 3EDC56C11CF88FF700264346;
			productRefGroup = 3EDC56CB1CF88FF700264346 /* Products */;
			projectDirPath = "";
			projectRoot = "";
			targets = (
				3EDC56C91CF88FF700264346 /* pokedex */,
			);
		};
/* End PBXProject section */

/* Begin PBXResourcesBuildPhase section */
		3EDC56C81CF88FF700264346 /* Resources */ = {
			isa = PBXResourcesBuildPhase;
			buildActionMask = 2147483647;
			files = (
				3EDC56D81CF88FF700264346 /* LaunchScreen.storyboard in Resources */,
				3EDC56D51CF88FF700264346 /* Assets.xcassets in Resources */,
				3EDC56E01CF8B5A200264346 /* pokemon.csv in Resources */,
				3EDC56D31CF88FF700264346 /* Main.storyboard in Resources */,
			);
			runOnlyForDeploymentPostprocessing = 0;
		};
/* End PBXResourcesBuildPhase section */

/* Begin PBXShellScriptBuildPhase section */
		1ACA743FD6004C129AA54772 /* 📦 Embed Pods Frameworks */ = {
			isa = PBXShellScriptBuildPhase;
			buildActionMask = 2147483647;
			files = (
			);
			inputPaths = (
			);
			name = "📦 Embed Pods Frameworks";
			outputPaths = (
			);
			runOnlyForDeploymentPostprocessing = 0;
			shellPath = /bin/sh;
			shellScript = "\"${SRCROOT}/Pods/Target Support Files/Pods-pokedex/Pods-pokedex-frameworks.sh\"\n";
			showEnvVarsInLog = 0;
		};
		B791D4E7EFAD6A73DCC5E2E2 /* 📦 Check Pods Manifest.lock */ = {
			isa = PBXShellScriptBuildPhase;
			buildActionMask = 2147483647;
			files = (
			);
			inputPaths = (
			);
			name = "📦 Check Pods Manifest.lock";
			outputPaths = (
			);
			runOnlyForDeploymentPostprocessing = 0;
			shellPath = /bin/sh;
			shellScript = "diff \"${PODS_ROOT}/../Podfile.lock\" \"${PODS_ROOT}/Manifest.lock\" > /dev/null\nif [[ $? != 0 ]] ; then\n    cat << EOM\nerror: The sandbox is not in sync with the Podfile.lock. Run 'pod install' or update your CocoaPods installation.\nEOM\n    exit 1\nfi\n";
			showEnvVarsInLog = 0;
		};
		EC24FBB34FBC4DE44B0A7DB7 /* 📦 Copy Pods Resources */ = {
			isa = PBXShellScriptBuildPhase;
			buildActionMask = 2147483647;
			files = (
			);
			inputPaths = (
			);
			name = "📦 Copy Pods Resources";
			outputPaths = (
			);
			runOnlyForDeploymentPostprocessing = 0;
			shellPath = /bin/sh;
			shellScript = "\"${SRCROOT}/Pods/Target Support Files/Pods-pokedex/Pods-pokedex-resources.sh\"\n";
			showEnvVarsInLog = 0;
		};
/* End PBXShellScriptBuildPhase section */

/* Begin PBXSourcesBuildPhase section */
		3EDC56C61CF88FF700264346 /* Sources */ = {
			isa = PBXSourcesBuildPhase;
			buildActionMask = 2147483647;
			files = (
				3EDC56D01CF88FF700264346 /* ViewController.swift in Sources */,
				3EDC56CE1CF88FF700264346 /* AppDelegate.swift in Sources */,
			);
			runOnlyForDeploymentPostprocessing = 0;
		};
/* End PBXSourcesBuildPhase section */

/* Begin PBXVariantGroup section */
		3EDC56D11CF88FF700264346 /* Main.storyboard */ = {
			isa = PBXVariantGroup;
			children = (
				3EDC56D21CF88FF700264346 /* Base */,
			);
			name = Main.storyboard;
			sourceTree = "<group>";
		};
		3EDC56D61CF88FF700264346 /* LaunchScreen.storyboard */ = {
			isa = PBXVariantGroup;
			children = (
				3EDC56D71CF88FF700264346 /* Base */,
			);
			name = LaunchScreen.storyboard;
			sourceTree = "<group>";
		};
/* End PBXVariantGroup section */

/* Begin XCBuildConfiguration section */
		3EDC56DA1CF88FF700264346 /* Debug */ = {
			isa = XCBuildConfiguration;
			buildSettings = {
				ALWAYS_SEARCH_USER_PATHS = NO;
				CLANG_ANALYZER_NONNULL = YES;
				CLANG_CXX_LANGUAGE_STANDARD = "gnu++0x";
				CLANG_CXX_LIBRARY = "libc++";
				CLANG_ENABLE_MODULES = YES;
				CLANG_ENABLE_OBJC_ARC = YES;
				CLANG_WARN_BOOL_CONVERSION = YES;
				CLANG_WARN_CONSTANT_CONVERSION = YES;
				CLANG_WARN_DIRECT_OBJC_ISA_USAGE = YES_ERROR;
				CLANG_WARN_EMPTY_BODY = YES;
				CLANG_WARN_ENUM_CONVERSION = YES;
				CLANG_WARN_INT_CONVERSION = YES;
				CLANG_WARN_OBJC_ROOT_CLASS = YES_ERROR;
				CLANG_WARN_UNREACHABLE_CODE = YES;
				CLANG_WARN__DUPLICATE_METHOD_MATCH = YES;
				"CODE_SIGN_IDENTITY[sdk=iphoneos*]" = "iPhone Developer";
				COPY_PHASE_STRIP = NO;
				DEBUG_INFORMATION_FORMAT = dwarf;
				ENABLE_STRICT_OBJC_MSGSEND = YES;
				ENABLE_TESTABILITY = YES;
				GCC_C_LANGUAGE_STANDARD = gnu99;
				GCC_DYNAMIC_NO_PIC = NO;
				GCC_NO_COMMON_BLOCKS = YES;
				GCC_OPTIMIZATION_LEVEL = 0;
				GCC_PREPROCESSOR_DEFINITIONS = (
					"DEBUG=1",
					"$(inherited)",
				);
				GCC_WARN_64_TO_32_BIT_CONVERSION = YES;
				GCC_WARN_ABOUT_RETURN_TYPE = YES_ERROR;
				GCC_WARN_UNDECLARED_SELECTOR = YES;
				GCC_WARN_UNINITIALIZED_AUTOS = YES_AGGRESSIVE;
				GCC_WARN_UNUSED_FUNCTION = YES;
				GCC_WARN_UNUSED_VARIABLE = YES;
				IPHONEOS_DEPLOYMENT_TARGET = 9.3;
				MTL_ENABLE_DEBUG_INFO = YES;
				ONLY_ACTIVE_ARCH = YES;
				SDKROOT = iphoneos;
				SWIFT_OPTIMIZATION_LEVEL = "-Onone";
				TARGETED_DEVICE_FAMILY = "1,2";
			};
			name = Debug;
		};
		3EDC56DB1CF88FF700264346 /* Release */ = {
			isa = XCBuildConfiguration;
			buildSettings = {
				ALWAYS_SEARCH_USER_PATHS = NO;
				CLANG_ANALYZER_NONNULL = YES;
				CLANG_CXX_LANGUAGE_STANDARD = "gnu++0x";
				CLANG_CXX_LIBRARY = "libc++";
				CLANG_ENABLE_MODULES = YES;
				CLANG_ENABLE_OBJC_ARC = YES;
				CLANG_WARN_BOOL_CONVERSION = YES;
				CLANG_WARN_CONSTANT_CONVERSION = YES;
				CLANG_WARN_DIRECT_OBJC_ISA_USAGE = YES_ERROR;
				CLANG_WARN_EMPTY_BODY = YES;
				CLANG_WARN_ENUM_CONVERSION = YES;
				CLANG_WARN_INT_CONVERSION = YES;
				CLANG_WARN_OBJC_ROOT_CLASS = YES_ERROR;
				CLANG_WARN_UNREACHABLE_CODE = YES;
				CLANG_WARN__DUPLICATE_METHOD_MATCH = YES;
				"CODE_SIGN_IDENTITY[sdk=iphoneos*]" = "iPhone Developer";
				COPY_PHASE_STRIP = NO;
				DEBUG_INFORMATION_FORMAT = "dwarf-with-dsym";
				ENABLE_NS_ASSERTIONS = NO;
				ENABLE_STRICT_OBJC_MSGSEND = YES;
				GCC_C_LANGUAGE_STANDARD = gnu99;
				GCC_NO_COMMON_BLOCKS = YES;
				GCC_WARN_64_TO_32_BIT_CONVERSION = YES;
				GCC_WARN_ABOUT_RETURN_TYPE = YES_ERROR;
				GCC_WARN_UNDECLARED_SELECTOR = YES;
				GCC_WARN_UNINITIALIZED_AUTOS = YES_AGGRESSIVE;
				GCC_WARN_UNUSED_FUNCTION = YES;
				GCC_WARN_UNUSED_VARIABLE = YES;
				IPHONEOS_DEPLOYMENT_TARGET = 9.3;
				MTL_ENABLE_DEBUG_INFO = NO;
				SDKROOT = iphoneos;
				TARGETED_DEVICE_FAMILY = "1,2";
				VALIDATE_PRODUCT = YES;
			};
			name = Release;
		};
		3EDC56DD1CF88FF700264346 /* Debug */ = {
			isa = XCBuildConfiguration;
			baseConfigurationReference = DFE55F1118283619A11869AB /* Pods-pokedex.debug.xcconfig */;
			buildSettings = {
				ASSETCATALOG_COMPILER_APPICON_NAME = AppIcon;
				INFOPLIST_FILE = pokedex/Info.plist;
				LD_RUNPATH_SEARCH_PATHS = "$(inherited) @executable_path/Frameworks";
				PRODUCT_BUNDLE_IDENTIFIER = com.test.pokedex;
				PRODUCT_NAME = "$(TARGET_NAME)";
			};
			name = Debug;
		};
		3EDC56DE1CF88FF700264346 /* Release */ = {
			isa = XCBuildConfiguration;
			baseConfigurationReference = A2DD7975013643D585E7962D /* Pods-pokedex.release.xcconfig */;
			buildSettings = {
				ASSETCATALOG_COMPILER_APPICON_NAME = AppIcon;
				INFOPLIST_FILE = pokedex/Info.plist;
				LD_RUNPATH_SEARCH_PATHS = "$(inherited) @executable_path/Frameworks";
				PRODUCT_BUNDLE_IDENTIFIER = com.test.pokedex;
				PRODUCT_NAME = "$(TARGET_NAME)";
			};
			name = Release;
		};
/* End XCBuildConfiguration section */

/* Begin XCConfigurationList section */
		3EDC56C51CF88FF700264346 /* Build configuration list for PBXProject "pokedex" */ = {
			isa = XCConfigurationList;
			buildConfigurations = (
				3EDC56DA1CF88FF700264346 /* Debug */,
				3EDC56DB1CF88FF700264346 /* Release */,
			);
			defaultConfigurationIsVisible = 0;
			defaultConfigurationName = Release;
		};
		3EDC56DC1CF88FF700264346 /* Build configuration list for PBXNativeTarget "pokedex" */ = {
			isa = XCConfigurationList;
			buildConfigurations = (
				3EDC56DD1CF88FF700264346 /* Debug */,
				3EDC56DE1CF88FF700264346 /* Release */,
			);
			defaultConfigurationIsVisible = 0;
			defaultConfigurationName = Release;
		};
/* End XCConfigurationList section */
	};
	rootObject = 3EDC56C21CF88FF700264346 /* Project object */;
}
